{
  "name": "webgal-lovelive-game-runtime",
  "version": "0.0.0",
  "lockfileVersion": 3,
  "requires": true,
  "packages": {
    "": {
      "name": "webgal-lovelive-game-runtime",
      "version": "0.0.0",
      "devDependencies": {
        "playwright": "^1.62.0",
        "three": "^0.185.0",
        "webgal-lovelive-gltf-renderer": "git+https://github.com/NijiharaTsubasa/webgal-lovelive-gltf-renderer.git"
      }
    },
    "node_modules/@pixiv/three-vrm-springbone": {
      "version": "3.5.5",
      "resolved": "https://registry.npmmirror.com/@pixiv/three-vrm-springbone/-/three-vrm-springbone-3.5.5.tgz",
      "integrity": "sha512-GWAWrIegGH/u1ZA+Es03Qzc2yafrQOrhtal9jzUIAgU8Wm2DYuqAABOY+du/9RpBRK8D4T8DBPvRGQqvfrQ/uA==",
      "dev": true,
      "license": "MIT",
      "dependencies": {
        "@pixiv/types-vrm-0.0": "3.5.5",
        "@pixiv/types-vrmc-springbone-1.0": "3.5.5",
        "@pixiv/types-vrmc-springbone-extended-collider-1.0": "3.5.5"
      },
      "peerDependencies": {
        "three": ">=0.137"
      }
    },
    "node_modules/@pixiv/types-vrm-0.0": {
      "version": "3.5.5",
      "resolved": "https://registry.npmmirror.com/@pixiv/types-vrm-0.0/-/types-vrm-0.0-3.5.5.tgz",
      "integrity": "sha512-2S/0jswMjJTwL9ky8YzDR0CIaP6ZmE+HFuyW/0h+SA+awELf+J7WGgC8lTLM1MXzokO7Z2YVljU2F0fEhlKDIQ==",
      "dev": true,
      "license": "MIT"
    },
    "node_modules/@pixiv/types-vrmc-springbone-1.0": {
      "version": "3.5.5",
      "resolved": "https://registry.npmmirror.com/@pixiv/types-vrmc-springbone-1.0/-/types-vrmc-springbone-1.0-3.5.5.tgz",
      "integrity": "sha512-gRQ5Y7PaGiMefvOrJ3hvoSPqpA67jiwyhwh8ItjsPi3yri/Hn3CeXplW3Cbx3ZPbfu+C3Q2MCRa2TqAUOjeMRA==",
      "dev": true,
      "license": "MIT"
    },
    "node_modules/@pixiv/types-vrmc-springbone-extended-collider-1.0": {
      "version": "3.5.5",
      "resolved": "https://registry.npmmirror.com/@pixiv/types-vrmc-springbone-extended-collider-1.0/-/types-vrmc-springbone-extended-collider-1.0-3.5.5.tgz",
      "integrity": "sha512-+6RxLaAvVguP7upjS/OT4viNPWvac1HBRQY1nmdvfYNQuCMdrMsCZqvy2af0Fcjnda4V9JbKFIpZDC0lrw1+uQ==",
      "dev": true,
      "license": "MIT"
    },
    "node_modules/playwright": {
      "version": "1.63.0",
      "resolved": "https://registry.npmmirror.com/playwright/-/playwright-1.63.0.tgz",
      "integrity": "sha512-+7ziBLidS4NaNCdt57SUDT+wYmmd5fmiQejUic/kb+YsYSCPyOOE9sebzMjNmQrsnNpDJqd4WHvV/8lfKfUDUg==",
      "dev": true,
      "license": "Apache-2.0",
      "dependencies": {
        "playwright-core": "1.63.0"
      },
      "bin": {
        "playwright": "cli.js"
      },
      "engines": {
        "node": ">=20"
      }
    },
    "node_modules/playwright-core": {
      "version": "1.63.0",
      "resolved": "https://registry.npmmirror.com/playwright-core/-/playwright-core-1.63.0.tgz",
      "integrity": "sha512-rYCsBF/M5HjUch52bbtVONEFjv6Xu8sm8h72dNlR5bzIE1fvC/bxgspzkjSfU+MweEMmPM8KJebG6nnyxo5mCg==",
      "dev": true,
      "license": "Apache-2.0",
      "bin": {
        "playwright-core": "cli.js"
      },
      "engines": {
        "node": ">=20"
      }
    },
    "node_modules/three": {
      "version": "0.185.1",
      "resolved": "https://registry.npmmirror.com/three/-/three-0.185.1.tgz",
      "integrity": "sha512-5aojFCXKwnjBRZvUnt3WFfEcvUJgkN5LlijRFN95hMy8WVkG4I0QNcJE+OuWvuJ0bOdStrbfXn0pkd6/QyiAlg==",
      "dev": true,
      "license": "MIT"
    },
    "node_modules/webgal-lovelive-gltf-renderer": {
      "version": "0.0.0",
      "resolved": "git+https://github.com/NijiharaTsubasa/webgal-lovelive-gltf-renderer.git#91750179fff58e132d0ddc50f1c3b984a1018050",
      "dev": true,
      "dependencies": {
        "@pixiv/three-vrm-springbone": "3.5.5",
        "three": "^0.185.0"
      }
    }
  }
}
